
Microsoft Visual Studio Solution File, Format Version 12.00
# Visual Studio Version 17
VisualStudioVersion = 17.1.32210.238
MinimumVisualStudioVersion = 10.0.40219.1
Project("{FAE04EC0-301F-11D3-BF4B-00C04F79EFBC}") = "Server", "Server\Server.csproj", "{30A160C2-03A8-48F1-986B-C61B4FCFA09C}"
EndProject
Project("{FAE04EC0-301F-11D3-BF4B-00C04F79EFBC}") = "Client", "Client\Client.csproj", "{993356BF-530F-4322-A95B-2C45EEBEF17F}"
EndProject
Project("{FAE04EC0-301F-11D3-BF4B-00C04F79EFBC}") = "Models", "Models\Models.csproj", "{F1C91D7B-D5C9-457D-BA25-7896E5BE0A0A}"
EndProject
Global
	GlobalSection(SolutionConfigurationPlatforms) = preSolution
		Debug|Any CPU = Debug|Any CPU
		Release|Any CPU = Release|Any CPU
	EndGlobalSection
	GlobalSection(ProjectConfigurationPlatforms) = postSolution
		{30A160C2-03A8-48F1-986B-C61B4FCFA09C}.Debug|Any CPU.ActiveCfg = Debug|Any CPU
		{30A160C2-03A8-48F1-986B-C61B4FCFA09C}.Debug|Any CPU.Build.0 = Debug|Any CPU
		{30A160C2-03A8-48F1-986B-C61B4FCFA09C}.Release|Any CPU.ActiveCfg = Release|Any CPU
		{30A160C2-03A8-48F1-986B-C61B4FCFA09C}.Release|Any CPU.Build.0 = Release|Any CPU
		{993356BF-530F-4322-A95B-2C45EEBEF17F}.Debug|Any CPU.ActiveCfg = Debug|Any CPU
		{993356BF-530F-4322-A95B-2C45EEBEF17F}.Debug|Any CPU.Build.0 = Debug|Any CPU
		{993356BF-530F-4322-A95B-2C45EEBEF17F}.Release|Any CPU.ActiveCfg = Release|Any CPU
		{993356BF-530F-4322-A95B-2C45EEBEF17F}.Release|Any CPU.Build.0 = Release|Any CPU
		{F1C91D7B-D5C9-457D-BA25-7896E5BE0A0A}.Debug|Any CPU.ActiveCfg = Debug|Any CPU
		{F1C91D7B-D5C9-457D-BA25-7896E5BE0A0A}.Debug|Any CPU.Build.0 = Debug|Any CPU
		{F1C91D7B-D5C9-457D-BA25-7896E5BE0A0A}.Release|Any CPU.ActiveCfg = Release|Any CPU
		{F1C91D7B-D5C9-457D-BA25-7896E5BE0A0A}.Release|Any CPU.Build.0 = Release|Any CPU
	EndGlobalSection
	GlobalSection(SolutionProperties) = preSolution
		HideSolutionNode = FALSE
	EndGlobalSection
	GlobalSection(ExtensibilityGlobals) = postSolution
		SolutionGuid = {AB217879-505D-435B-8925-6F6B6DFFBD39}
	EndGlobalSection
EndGlobal
